
Microsoft Visual Studio Solution File, Format Version 12.00
# Visual Studio Version 17
VisualStudioVersion = 17.5.002.0
MinimumVisualStudioVersion = 10.0.40219.1
Project("{9A19103F-16F7-4668-BE54-9A1E7A4F7556}") = "VSCodeProj", "VSCodeProj.csproj", "{837805AC-0221-42B7-92E7-DD3C1F2791B5}"
EndProject
Global
	GlobalSection(SolutionConfigurationPlatforms) = preSolution
		Debug|Any CPU = Debug|Any CPU
		Release|Any CPU = Release|Any CPU
	EndGlobalSection
	GlobalSection(ProjectConfigurationPlatforms) = postSolution
		{837805AC-0221-42B7-92E7-DD3C1F2791B5}.Debug|Any CPU.ActiveCfg = Debug|Any CPU
		{837805AC-0221-42B7-92E7-DD3C1F2791B5}.Debug|Any CPU.Build.0 = Debug|Any CPU
		{837805AC-0221-42B7-92E7-DD3C1F2791B5}.Release|Any CPU.ActiveCfg = Release|Any CPU
		{837805AC-0221-42B7-92E7-DD3C1F2791B5}.Release|Any CPU.Build.0 = Release|Any CPU
	EndGlobalSection
	GlobalSection(SolutionProperties) = preSolution
		HideSolutionNode = FALSE
	EndGlobalSection
	GlobalSection(ExtensibilityGlobals) = postSolution
		SolutionGuid = {0F2AA299-D654-4D56-8EE9-CF5B76C96E5A}
	EndGlobalSection
EndGlobal
